
Microsoft Visual Studio Solution File, Format Version 12.00
# Visual Studio Version 16
VisualStudioVersion = 16.0.30002.166
MinimumVisualStudioVersion = 10.0.40219.1
Project("{FAE04EC0-301F-11D3-BF4B-00C04F79EFBC}") = "ASP.DataAccess", "ASP.DataAccess\ASP.DataAccess.csproj", "{BFB8A959-35C6-44A6-A665-708BAEC19261}"
EndProject
Project("{FAE04EC0-301F-11D3-BF4B-00C04F79EFBC}") = "ASP.Domain", "ASP.Domain\ASP.Domain.csproj", "{099B3BFF-E6B1-4F09-8F44-B7459269A743}"
EndProject
Project("{FAE04EC0-301F-11D3-BF4B-00C04F79EFBC}") = "ASP.Implementation", "ASP.Implementation\ASP.Implementation.csproj", "{D4170E67-22EE-4099-BD3D-FBB538E4EAC3}"
EndProject
Project("{FAE04EC0-301F-11D3-BF4B-00C04F79EFBC}") = "ASP.Application", "ASP.Application\ASP.Application.csproj", "{35E4A795-FDDB-4492-AD05-FE5208A86EEA}"
EndProject
Project("{FAE04EC0-301F-11D3-BF4B-00C04F79EFBC}") = "API", "API\API.csproj", "{65A748D7-7700-4D1B-8126-3E8A88AA782C}"
EndProject
Global
	GlobalSection(SolutionConfigurationPlatforms) = preSolution
		Debug|Any CPU = Debug|Any CPU
		Release|Any CPU = Release|Any CPU
	EndGlobalSection
	GlobalSection(ProjectConfigurationPlatforms) = postSolution
		{BFB8A959-35C6-44A6-A665-708BAEC19261}.Debug|Any CPU.ActiveCfg = Debug|Any CPU
		{BFB8A959-35C6-44A6-A665-708BAEC19261}.Debug|Any CPU.Build.0 = Debug|Any CPU
		{BFB8A959-35C6-44A6-A665-708BAEC19261}.Release|Any CPU.ActiveCfg = Release|Any CPU
		{BFB8A959-35C6-44A6-A665-708BAEC19261}.Release|Any CPU.Build.0 = Release|Any CPU
		{099B3BFF-E6B1-4F09-8F44-B7459269A743}.Debug|Any CPU.ActiveCfg = Debug|Any CPU
		{099B3BFF-E6B1-4F09-8F44-B7459269A743}.Debug|Any CPU.Build.0 = Debug|Any CPU
		{099B3BFF-E6B1-4F09-8F44-B7459269A743}.Release|Any CPU.ActiveCfg = Release|Any CPU
		{099B3BFF-E6B1-4F09-8F44-B7459269A743}.Release|Any CPU.Build.0 = Release|Any CPU
		{D4170E67-22EE-4099-BD3D-FBB538E4EAC3}.Debug|Any CPU.ActiveCfg = Debug|Any CPU
		{D4170E67-22EE-4099-BD3D-FBB538E4EAC3}.Debug|Any CPU.Build.0 = Debug|Any CPU
		{D4170E67-22EE-4099-BD3D-FBB538E4EAC3}.Release|Any CPU.ActiveCfg = Release|Any CPU
		{D4170E67-22EE-4099-BD3D-FBB538E4EAC3}.Release|Any CPU.Build.0 = Release|Any CPU
		{35E4A795-FDDB-4492-AD05-FE5208A86EEA}.Debug|Any CPU.ActiveCfg = Debug|Any CPU
		{35E4A795-FDDB-4492-AD05-FE5208A86EEA}.Debug|Any CPU.Build.0 = Debug|Any CPU
		{35E4A795-FDDB-4492-AD05-FE5208A86EEA}.Release|Any CPU.ActiveCfg = Release|Any CPU
		{35E4A795-FDDB-4492-AD05-FE5208A86EEA}.Release|Any CPU.Build.0 = Release|Any CPU
		{65A748D7-7700-4D1B-8126-3E8A88AA782C}.Debug|Any CPU.ActiveCfg = Debug|Any CPU
		{65A748D7-7700-4D1B-8126-3E8A88AA782C}.Debug|Any CPU.Build.0 = Debug|Any CPU
		{65A748D7-7700-4D1B-8126-3E8A88AA782C}.Release|Any CPU.ActiveCfg = Release|Any CPU
		{65A748D7-7700-4D1B-8126-3E8A88AA782C}.Release|Any CPU.Build.0 = Release|Any CPU
	EndGlobalSection
	GlobalSection(SolutionProperties) = preSolution
		HideSolutionNode = FALSE
	EndGlobalSection
	GlobalSection(ExtensibilityGlobals) = postSolution
		SolutionGuid = {B9577B93-DBF3-44BF-A09C-BA94EDFE46CF}
	EndGlobalSection
EndGlobal
